
Microsoft Visual Studio Solution File, Format Version 12.00
# Visual Studio Version 17
VisualStudioVersion = 17.3.32825.248
MinimumVisualStudioVersion = 10.0.40219.1
Project("{FAE04EC0-301F-11D3-BF4B-00C04F79EFBC}") = "SpecFlowProject", "SpecFlowProject\SpecFlowProject.csproj", "{4EA0D645-1E54-4D6D-8EBC-59358D4E7B71}"
EndProject
Global
	GlobalSection(SolutionConfigurationPlatforms) = preSolution
		Debug|Any CPU = Debug|Any CPU
		Release|Any CPU = Release|Any CPU
	EndGlobalSection
	GlobalSection(ProjectConfigurationPlatforms) = postSolution
		{4EA0D645-1E54-4D6D-8EBC-59358D4E7B71}.Debug|Any CPU.ActiveCfg = Debug|Any CPU
		{4EA0D645-1E54-4D6D-8EBC-59358D4E7B71}.Debug|Any CPU.Build.0 = Debug|Any CPU
		{4EA0D645-1E54-4D6D-8EBC-59358D4E7B71}.Release|Any CPU.ActiveCfg = Release|Any CPU
		{4EA0D645-1E54-4D6D-8EBC-59358D4E7B71}.Release|Any CPU.Build.0 = Release|Any CPU
	EndGlobalSection
	GlobalSection(SolutionProperties) = preSolution
		HideSolutionNode = FALSE
	EndGlobalSection
	GlobalSection(ExtensibilityGlobals) = postSolution
		SolutionGuid = {4725BD9E-19AD-4F5B-AA1A-7B76B915507B}
	EndGlobalSection
EndGlobal
